
Microsoft Visual Studio Solution File, Format Version 12.00
# Visual Studio Version 16
VisualStudioVersion = 16.0.31205.134
MinimumVisualStudioVersion = 10.0.40219.1
Project("{9A19103F-16F7-4668-BE54-9A1E7A4F7556}") = "FreakinStocksUI", "FreakinStocksUI\FreakinStocksUI.csproj", "{CF847FE5-7247-49C9-8FD3-0D50B3C2C472}"
EndProject
Project("{9A19103F-16F7-4668-BE54-9A1E7A4F7556}") = "StocksData", "StocksData\StocksData.csproj", "{E4B98145-24DB-48A7-B01A-F1ED8130D0C6}"
EndProject
Project("{9A19103F-16F7-4668-BE54-9A1E7A4F7556}") = "FreakinStocksLiveService", "FreakinStocksLiveService\FreakinStocksLiveService.csproj", "{36FDCF45-2D81-416D-9D34-ED9CDD73CB8D}"
EndProject
Project("{C7167F0D-BC9F-4E6E-AFE1-012C56B48DB5}") = "FreakinStocksInstaller", "FreakinStocksInstaller\FreakinStocksInstaller.wapproj", "{D35C81C7-7949-4EB2-8543-6ACB6F2B463C}"
EndProject
Project("{54435603-DBB4-11D2-8724-00A0C9A8B90C}") = "FreakinStocksSetup", "FreakinStocksSetup\FreakinStocksSetup.vdproj", "{DDED49C4-30F6-4184-A640-F69F7E5EC61D}"
EndProject
Project("{2150E333-8FDC-42A3-9474-1A3956D46DE8}") = "Solution Items", "Solution Items", "{A2F63C25-F38B-48F3-90BB-AC1AC31D2916}"
	ProjectSection(SolutionItems) = preProject
		.editorconfig = .editorconfig
	EndProjectSection
EndProject
Global
	GlobalSection(SolutionConfigurationPlatforms) = preSolution
		Debug|Any CPU = Debug|Any CPU
		Debug|ARM = Debug|ARM
		Debug|ARM64 = Debug|ARM64
		Debug|x64 = Debug|x64
		Debug|x86 = Debug|x86
		Release|Any CPU = Release|Any CPU
		Release|ARM = Release|ARM
		Release|ARM64 = Release|ARM64
		Release|x64 = Release|x64
		Release|x86 = Release|x86
	EndGlobalSection
	GlobalSection(ProjectConfigurationPlatforms) = postSolution
		{CF847FE5-7247-49C9-8FD3-0D50B3C2C472}.Debug|Any CPU.ActiveCfg = Debug|Any CPU
		{CF847FE5-7247-49C9-8FD3-0D50B3C2C472}.Debug|Any CPU.Build.0 = Debug|Any CPU
		{CF847FE5-7247-49C9-8FD3-0D50B3C2C472}.Debug|ARM.ActiveCfg = Debug|Any CPU
		{CF847FE5-7247-49C9-8FD3-0D50B3C2C472}.Debug|ARM.Build.0 = Debug|Any CPU
		{CF847FE5-7247-49C9-8FD3-0D50B3C2C472}.Debug|ARM64.ActiveCfg = Debug|Any CPU
		{CF847FE5-7247-49C9-8FD3-0D50B3C2C472}.Debug|ARM64.Build.0 = Debug|Any CPU
		{CF847FE5-7247-49C9-8FD3-0D50B3C2C472}.Debug|x64.ActiveCfg = Debug|Any CPU
		{CF847FE5-7247-49C9-8FD3-0D50B3C2C472}.Debug|x64.Build.0 = Debug|Any CPU
		{CF847FE5-7247-49C9-8FD3-0D50B3C2C472}.Debug|x86.ActiveCfg = Debug|Any CPU
		{CF847FE5-7247-49C9-8FD3-0D50B3C2C472}.Debug|x86.Build.0 = Debug|Any CPU
		{CF847FE5-7247-49C9-8FD3-0D50B3C2C472}.Release|Any CPU.ActiveCfg = Release|Any CPU
		{CF847FE5-7247-49C9-8FD3-0D50B3C2C472}.Release|Any CPU.Build.0 = Release|Any CPU
		{CF847FE5-7247-49C9-8FD3-0D50B3C2C472}.Release|ARM.ActiveCfg = Release|Any CPU
		{CF847FE5-7247-49C9-8FD3-0D50B3C2C472}.Release|ARM.Build.0 = Release|Any CPU
		{CF847FE5-7247-49C9-8FD3-0D50B3C2C472}.Release|ARM64.ActiveCfg = Release|Any CPU
		{CF847FE5-7247-49C9-8FD3-0D50B3C2C472}.Release|ARM64.Build.0 = Release|Any CPU
		{CF847FE5-7247-49C9-8FD3-0D50B3C2C472}.Release|x64.ActiveCfg = Release|x64
		{CF847FE5-7247-49C9-8FD3-0D50B3C2C472}.Release|x64.Build.0 = Release|x64
		{CF847FE5-7247-49C9-8FD3-0D50B3C2C472}.Release|x86.ActiveCfg = Release|x86
		{CF847FE5-7247-49C9-8FD3-0D50B3C2C472}.Release|x86.Build.0 = Release|x86
		{E4B98145-24DB-48A7-B01A-F1ED8130D0C6}.Debug|Any CPU.ActiveCfg = Debug|Any CPU
		{E4B98145-24DB-48A7-B01A-F1ED8130D0C6}.Debug|Any CPU.Build.0 = Debug|Any CPU
		{E4B98145-24DB-48A7-B01A-F1ED8130D0C6}.Debug|ARM.ActiveCfg = Debug|Any CPU
		{E4B98145-24DB-48A7-B01A-F1ED8130D0C6}.Debug|ARM.Build.0 = Debug|Any CPU
		{E4B98145-24DB-48A7-B01A-F1ED8130D0C6}.Debug|ARM64.ActiveCfg = Debug|Any CPU
		{E4B98145-24DB-48A7-B01A-F1ED8130D0C6}.Debug|ARM64.Build.0 = Debug|Any CPU
		{E4B98145-24DB-48A7-B01A-F1ED8130D0C6}.Debug|x64.ActiveCfg = Debug|Any CPU
		{E4B98145-24DB-48A7-B01A-F1ED8130D0C6}.Debug|x64.Build.0 = Debug|Any CPU
		{E4B98145-24DB-48A7-B01A-F1ED8130D0C6}.Debug|x86.ActiveCfg = Debug|Any CPU
		{E4B98145-24DB-48A7-B01A-F1ED8130D0C6}.Debug|x86.Build.0 = Debug|Any CPU
		{E4B98145-24DB-48A7-B01A-F1ED8130D0C6}.Release|Any CPU.ActiveCfg = Release|Any CPU
		{E4B98145-24DB-48A7-B01A-F1ED8130D0C6}.Release|Any CPU.Build.0 = Release|Any CPU
		{E4B98145-24DB-48A7-B01A-F1ED8130D0C6}.Release|ARM.ActiveCfg = Release|Any CPU
		{E4B98145-24DB-48A7-B01A-F1ED8130D0C6}.Release|ARM.Build.0 = Release|Any CPU
		{E4B98145-24DB-48A7-B01A-F1ED8130D0C6}.Release|ARM64.ActiveCfg = Release|Any CPU
		{E4B98145-24DB-48A7-B01A-F1ED8130D0C6}.Release|ARM64.Build.0 = Release|Any CPU
		{E4B98145-24DB-48A7-B01A-F1ED8130D0C6}.Release|x64.ActiveCfg = Release|x64
		{E4B98145-24DB-48A7-B01A-F1ED8130D0C6}.Release|x64.Build.0 = Release|x64
		{E4B98145-24DB-48A7-B01A-F1ED8130D0C6}.Release|x86.ActiveCfg = Release|x86
		{E4B98145-24DB-48A7-B01A-F1ED8130D0C6}.Release|x86.Build.0 = Release|x86
		{36FDCF45-2D81-416D-9D34-ED9CDD73CB8D}.Debug|Any CPU.ActiveCfg = Debug|Any CPU
		{36FDCF45-2D81-416D-9D34-ED9CDD73CB8D}.Debug|Any CPU.Build.0 = Debug|Any CPU
		{36FDCF45-2D81-416D-9D34-ED9CDD73CB8D}.Debug|ARM.ActiveCfg = Debug|Any CPU
		{36FDCF45-2D81-416D-9D34-ED9CDD73CB8D}.Debug|ARM.Build.0 = Debug|Any CPU
		{36FDCF45-2D81-416D-9D34-ED9CDD73CB8D}.Debug|ARM64.ActiveCfg = Debug|Any CPU
		{36FDCF45-2D81-416D-9D34-ED9CDD73CB8D}.Debug|ARM64.Build.0 = Debug|Any CPU
		{36FDCF45-2D81-416D-9D34-ED9CDD73CB8D}.Debug|x64.ActiveCfg = Debug|Any CPU
		{36FDCF45-2D81-416D-9D34-ED9CDD73CB8D}.Debug|x64.Build.0 = Debug|Any CPU
		{36FDCF45-2D81-416D-9D34-ED9CDD73CB8D}.Debug|x86.ActiveCfg = Debug|Any CPU
		{36FDCF45-2D81-416D-9D34-ED9CDD73CB8D}.Debug|x86.Build.0 = Debug|Any CPU
		{36FDCF45-2D81-416D-9D34-ED9CDD73CB8D}.Release|Any CPU.ActiveCfg = Release|Any CPU
		{36FDCF45-2D81-416D-9D34-ED9CDD73CB8D}.Release|Any CPU.Build.0 = Release|Any CPU
		{36FDCF45-2D81-416D-9D34-ED9CDD73CB8D}.Release|ARM.ActiveCfg = Release|Any CPU
		{36FDCF45-2D81-416D-9D34-ED9CDD73CB8D}.Release|ARM.Build.0 = Release|Any CPU
		{36FDCF45-2D81-416D-9D34-ED9CDD73CB8D}.Release|ARM64.ActiveCfg = Release|Any CPU
		{36FDCF45-2D81-416D-9D34-ED9CDD73CB8D}.Release|ARM64.Build.0 = Release|Any CPU
		{36FDCF45-2D81-416D-9D34-ED9CDD73CB8D}.Release|x64.ActiveCfg = Release|x64
		{36FDCF45-2D81-416D-9D34-ED9CDD73CB8D}.Release|x64.Build.0 = Release|x64
		{36FDCF45-2D81-416D-9D34-ED9CDD73CB8D}.Release|x86.ActiveCfg = Release|x86
		{36FDCF45-2D81-416D-9D34-ED9CDD73CB8D}.Release|x86.Build.0 = Release|x86
		{D35C81C7-7949-4EB2-8543-6ACB6F2B463C}.Debug|Any CPU.ActiveCfg = Debug|Any CPU
		{D35C81C7-7949-4EB2-8543-6ACB6F2B463C}.Debug|Any CPU.Build.0 = Debug|Any CPU
		{D35C81C7-7949-4EB2-8543-6ACB6F2B463C}.Debug|Any CPU.Deploy.0 = Debug|Any CPU
		{D35C81C7-7949-4EB2-8543-6ACB6F2B463C}.Debug|ARM.ActiveCfg = Debug|ARM
		{D35C81C7-7949-4EB2-8543-6ACB6F2B463C}.Debug|ARM.Build.0 = Debug|ARM
		{D35C81C7-7949-4EB2-8543-6ACB6F2B463C}.Debug|ARM.Deploy.0 = Debug|ARM
		{D35C81C7-7949-4EB2-8543-6ACB6F2B463C}.Debug|ARM64.ActiveCfg = Debug|ARM64
		{D35C81C7-7949-4EB2-8543-6ACB6F2B463C}.Debug|ARM64.Build.0 = Debug|ARM64
		{D35C81C7-7949-4EB2-8543-6ACB6F2B463C}.Debug|ARM64.Deploy.0 = Debug|ARM64
		{D35C81C7-7949-4EB2-8543-6ACB6F2B463C}.Debug|x64.ActiveCfg = Debug|x64
		{D35C81C7-7949-4EB2-8543-6ACB6F2B463C}.Debug|x64.Build.0 = Debug|x64
		{D35C81C7-7949-4EB2-8543-6ACB6F2B463C}.Debug|x64.Deploy.0 = Debug|x64
		{D35C81C7-7949-4EB2-8543-6ACB6F2B463C}.Debug|x86.ActiveCfg = Debug|x86
		{D35C81C7-7949-4EB2-8543-6ACB6F2B463C}.Debug|x86.Build.0 = Debug|x86
		{D35C81C7-7949-4EB2-8543-6ACB6F2B463C}.Debug|x86.Deploy.0 = Debug|x86
		{D35C81C7-7949-4EB2-8543-6ACB6F2B463C}.Release|Any CPU.ActiveCfg = Release|Any CPU
		{D35C81C7-7949-4EB2-8543-6ACB6F2B463C}.Release|Any CPU.Build.0 = Release|Any CPU
		{D35C81C7-7949-4EB2-8543-6ACB6F2B463C}.Release|Any CPU.Deploy.0 = Release|Any CPU
		{D35C81C7-7949-4EB2-8543-6ACB6F2B463C}.Release|ARM.ActiveCfg = Release|ARM
		{D35C81C7-7949-4EB2-8543-6ACB6F2B463C}.Release|ARM.Build.0 = Release|ARM
		{D35C81C7-7949-4EB2-8543-6ACB6F2B463C}.Release|ARM.Deploy.0 = Release|ARM
		{D35C81C7-7949-4EB2-8543-6ACB6F2B463C}.Release|ARM64.ActiveCfg = Release|ARM64
		{D35C81C7-7949-4EB2-8543-6ACB6F2B463C}.Release|ARM64.Build.0 = Release|ARM64
		{D35C81C7-7949-4EB2-8543-6ACB6F2B463C}.Release|ARM64.Deploy.0 = Release|ARM64
		{D35C81C7-7949-4EB2-8543-6ACB6F2B463C}.Release|x64.ActiveCfg = Release|x64
		{D35C81C7-7949-4EB2-8543-6ACB6F2B463C}.Release|x64.Build.0 = Release|x64
		{D35C81C7-7949-4EB2-8543-6ACB6F2B463C}.Release|x64.Deploy.0 = Release|x64
		{D35C81C7-7949-4EB2-8543-6ACB6F2B463C}.Release|x86.ActiveCfg = Release|x86
		{D35C81C7-7949-4EB2-8543-6ACB6F2B463C}.Release|x86.Build.0 = Release|x86
		{D35C81C7-7949-4EB2-8543-6ACB6F2B463C}.Release|x86.Deploy.0 = Release|x86
		{DDED49C4-30F6-4184-A640-F69F7E5EC61D}.Debug|Any CPU.ActiveCfg = Debug
		{DDED49C4-30F6-4184-A640-F69F7E5EC61D}.Debug|ARM.ActiveCfg = Debug
		{DDED49C4-30F6-4184-A640-F69F7E5EC61D}.Debug|ARM64.ActiveCfg = Debug
		{DDED49C4-30F6-4184-A640-F69F7E5EC61D}.Debug|x64.ActiveCfg = Debug
		{DDED49C4-30F6-4184-A640-F69F7E5EC61D}.Debug|x86.ActiveCfg = Debug
		{DDED49C4-30F6-4184-A640-F69F7E5EC61D}.Release|Any CPU.ActiveCfg = Release
		{DDED49C4-30F6-4184-A640-F69F7E5EC61D}.Release|ARM.ActiveCfg = Release
		{DDED49C4-30F6-4184-A640-F69F7E5EC61D}.Release|ARM64.ActiveCfg = Release
		{DDED49C4-30F6-4184-A640-F69F7E5EC61D}.Release|x64.ActiveCfg = Release
		{DDED49C4-30F6-4184-A640-F69F7E5EC61D}.Release|x86.ActiveCfg = Release
	EndGlobalSection
	GlobalSection(SolutionProperties) = preSolution
		HideSolutionNode = FALSE
	EndGlobalSection
	GlobalSection(ExtensibilityGlobals) = postSolution
		SolutionGuid = {8EEA0786-96C4-4908-9903-FF9AEB4D21FE}
	EndGlobalSection
EndGlobal
